
Microsoft Visual Studio Solution File, Format Version 12.00
# Visual Studio Version 16
VisualStudioVersion = 16.0.31005.135
MinimumVisualStudioVersion = 10.0.40219.1
Project("{FAE04EC0-301F-11D3-BF4B-00C04F79EFBC}") = "CefisaPrinter", "CefisaPrinter.csproj", "{A71027FA-8E05-46DD-B51A-42AF0C7D754C}"
EndProject
Global
	GlobalSection(SolutionConfigurationPlatforms) = preSolution
		Debug|Any CPU = Debug|Any CPU
		Release|Any CPU = Release|Any CPU
	EndGlobalSection
	GlobalSection(ProjectConfigurationPlatforms) = postSolution
		{A71027FA-8E05-46DD-B51A-42AF0C7D754C}.Debug|Any CPU.ActiveCfg = Debug|Any CPU
		{A71027FA-8E05-46DD-B51A-42AF0C7D754C}.Debug|Any CPU.Build.0 = Debug|Any CPU
		{A71027FA-8E05-46DD-B51A-42AF0C7D754C}.Release|Any CPU.ActiveCfg = Release|Any CPU
		{A71027FA-8E05-46DD-B51A-42AF0C7D754C}.Release|Any CPU.Build.0 = Release|Any CPU
	EndGlobalSection
	GlobalSection(SolutionProperties) = preSolution
		HideSolutionNode = FALSE
	EndGlobalSection
	GlobalSection(ExtensibilityGlobals) = postSolution
		SolutionGuid = {3BCCEF17-D920-4C3A-8C37-C2D41F2EAFCC}
	EndGlobalSection
EndGlobal
